
Microsoft Visual Studio Solution File, Format Version 12.00
# Visual Studio 14
VisualStudioVersion = 14.0.24720.0
MinimumVisualStudioVersion = 10.0.40219.1
Project("{FAE04EC0-301F-11D3-BF4B-00C04F79EFBC}") = "Task1", "Task1\Task1.csproj", "{D24EFD34-B0CE-47FB-8DA6-701513C18B67}"
EndProject
Project("{FAE04EC0-301F-11D3-BF4B-00C04F79EFBC}") = "Task2", "Task2\Task2.csproj", "{BD244525-6024-48B9-94C0-E514C3B95B2A}"
EndProject
Project("{FAE04EC0-301F-11D3-BF4B-00C04F79EFBC}") = "Task5", "Task5\Task5.csproj", "{CE6454E6-E372-42F0-A0D1-7C06297072ED}"
EndProject
Project("{FAE04EC0-301F-11D3-BF4B-00C04F79EFBC}") = "Task5Tests", "Task5Tests\Task5Tests.csproj", "{7DE031C2-7B8F-4070-B105-A6B32F89BF21}"
EndProject
Project("{FAE04EC0-301F-11D3-BF4B-00C04F79EFBC}") = "Task6", "Task6\Task6.csproj", "{20AEDE41-3E75-48B8-A9F0-FBEB86004597}"
EndProject
Global
	GlobalSection(SolutionConfigurationPlatforms) = preSolution
		Debug|Any CPU = Debug|Any CPU
		Release|Any CPU = Release|Any CPU
	EndGlobalSection
	GlobalSection(ProjectConfigurationPlatforms) = postSolution
		{D24EFD34-B0CE-47FB-8DA6-701513C18B67}.Debug|Any CPU.ActiveCfg = Debug|Any CPU
		{D24EFD34-B0CE-47FB-8DA6-701513C18B67}.Debug|Any CPU.Build.0 = Debug|Any CPU
		{D24EFD34-B0CE-47FB-8DA6-701513C18B67}.Release|Any CPU.ActiveCfg = Release|Any CPU
		{D24EFD34-B0CE-47FB-8DA6-701513C18B67}.Release|Any CPU.Build.0 = Release|Any CPU
		{BD244525-6024-48B9-94C0-E514C3B95B2A}.Debug|Any CPU.ActiveCfg = Debug|Any CPU
		{BD244525-6024-48B9-94C0-E514C3B95B2A}.Debug|Any CPU.Build.0 = Debug|Any CPU
		{BD244525-6024-48B9-94C0-E514C3B95B2A}.Release|Any CPU.ActiveCfg = Release|Any CPU
		{BD244525-6024-48B9-94C0-E514C3B95B2A}.Release|Any CPU.Build.0 = Release|Any CPU
		{CE6454E6-E372-42F0-A0D1-7C06297072ED}.Debug|Any CPU.ActiveCfg = Debug|Any CPU
		{CE6454E6-E372-42F0-A0D1-7C06297072ED}.Debug|Any CPU.Build.0 = Debug|Any CPU
		{CE6454E6-E372-42F0-A0D1-7C06297072ED}.Release|Any CPU.ActiveCfg = Release|Any CPU
		{CE6454E6-E372-42F0-A0D1-7C06297072ED}.Release|Any CPU.Build.0 = Release|Any CPU
		{7DE031C2-7B8F-4070-B105-A6B32F89BF21}.Debug|Any CPU.ActiveCfg = Debug|Any CPU
		{7DE031C2-7B8F-4070-B105-A6B32F89BF21}.Debug|Any CPU.Build.0 = Debug|Any CPU
		{7DE031C2-7B8F-4070-B105-A6B32F89BF21}.Release|Any CPU.ActiveCfg = Release|Any CPU
		{7DE031C2-7B8F-4070-B105-A6B32F89BF21}.Release|Any CPU.Build.0 = Release|Any CPU
		{20AEDE41-3E75-48B8-A9F0-FBEB86004597}.Debug|Any CPU.ActiveCfg = Debug|Any CPU
		{20AEDE41-3E75-48B8-A9F0-FBEB86004597}.Debug|Any CPU.Build.0 = Debug|Any CPU
		{20AEDE41-3E75-48B8-A9F0-FBEB86004597}.Release|Any CPU.ActiveCfg = Release|Any CPU
		{20AEDE41-3E75-48B8-A9F0-FBEB86004597}.Release|Any CPU.Build.0 = Release|Any CPU
	EndGlobalSection
	GlobalSection(SolutionProperties) = preSolution
		HideSolutionNode = FALSE
	EndGlobalSection
EndGlobal
