
Microsoft Visual Studio Solution File, Format Version 12.00
# Visual Studio 14
VisualStudioVersion = 14.0.24720.0
MinimumVisualStudioVersion = 10.0.40219.1
Project("{FAE04EC0-301F-11D3-BF4B-00C04F79EFBC}") = "Task1", "Task1\Task1.csproj", "{5211A709-0F2F-4A66-9A66-596CB0924CD4}"
EndProject
Project("{FAE04EC0-301F-11D3-BF4B-00C04F79EFBC}") = "Task2", "Task2\Task2.csproj", "{FFB7E130-B770-49E3-887C-CBDD1BE6BD84}"
EndProject
Project("{FAE04EC0-301F-11D3-BF4B-00C04F79EFBC}") = "Task3", "Task3\Task3.csproj", "{9291C260-48C7-4E7D-BAF4-11144098DA64}"
EndProject
Project("{FAE04EC0-301F-11D3-BF4B-00C04F79EFBC}") = "Task4", "Task4\Task4.csproj", "{1BA55EAF-0FA0-455D-984B-9A403BBEC88E}"
EndProject
Project("{FAE04EC0-301F-11D3-BF4B-00C04F79EFBC}") = "Task5", "Task5\Task5.csproj", "{17C3F60B-3456-4487-8219-3C7B17A907E9}"
EndProject
Project("{FAE04EC0-301F-11D3-BF4B-00C04F79EFBC}") = "Task6", "Task6\Task6.csproj", "{3D65BC72-556A-46E0-8C60-6C5AC6810C4F}"
EndProject
Project("{FAE04EC0-301F-11D3-BF4B-00C04F79EFBC}") = "Task7", "Task7\Task7.csproj", "{1AAFB9AC-8DE8-4D90-B711-458684734D61}"
EndProject
Global
	GlobalSection(SolutionConfigurationPlatforms) = preSolution
		Debug|Any CPU = Debug|Any CPU
		Release|Any CPU = Release|Any CPU
	EndGlobalSection
	GlobalSection(ProjectConfigurationPlatforms) = postSolution
		{5211A709-0F2F-4A66-9A66-596CB0924CD4}.Debug|Any CPU.ActiveCfg = Debug|Any CPU
		{5211A709-0F2F-4A66-9A66-596CB0924CD4}.Debug|Any CPU.Build.0 = Debug|Any CPU
		{5211A709-0F2F-4A66-9A66-596CB0924CD4}.Release|Any CPU.ActiveCfg = Release|Any CPU
		{5211A709-0F2F-4A66-9A66-596CB0924CD4}.Release|Any CPU.Build.0 = Release|Any CPU
		{FFB7E130-B770-49E3-887C-CBDD1BE6BD84}.Debug|Any CPU.ActiveCfg = Debug|Any CPU
		{FFB7E130-B770-49E3-887C-CBDD1BE6BD84}.Debug|Any CPU.Build.0 = Debug|Any CPU
		{FFB7E130-B770-49E3-887C-CBDD1BE6BD84}.Release|Any CPU.ActiveCfg = Release|Any CPU
		{FFB7E130-B770-49E3-887C-CBDD1BE6BD84}.Release|Any CPU.Build.0 = Release|Any CPU
		{9291C260-48C7-4E7D-BAF4-11144098DA64}.Debug|Any CPU.ActiveCfg = Debug|Any CPU
		{9291C260-48C7-4E7D-BAF4-11144098DA64}.Debug|Any CPU.Build.0 = Debug|Any CPU
		{9291C260-48C7-4E7D-BAF4-11144098DA64}.Release|Any CPU.ActiveCfg = Release|Any CPU
		{9291C260-48C7-4E7D-BAF4-11144098DA64}.Release|Any CPU.Build.0 = Release|Any CPU
		{1BA55EAF-0FA0-455D-984B-9A403BBEC88E}.Debug|Any CPU.ActiveCfg = Debug|Any CPU
		{1BA55EAF-0FA0-455D-984B-9A403BBEC88E}.Debug|Any CPU.Build.0 = Debug|Any CPU
		{1BA55EAF-0FA0-455D-984B-9A403BBEC88E}.Release|Any CPU.ActiveCfg = Release|Any CPU
		{1BA55EAF-0FA0-455D-984B-9A403BBEC88E}.Release|Any CPU.Build.0 = Release|Any CPU
		{17C3F60B-3456-4487-8219-3C7B17A907E9}.Debug|Any CPU.ActiveCfg = Debug|Any CPU
		{17C3F60B-3456-4487-8219-3C7B17A907E9}.Debug|Any CPU.Build.0 = Debug|Any CPU
		{17C3F60B-3456-4487-8219-3C7B17A907E9}.Release|Any CPU.ActiveCfg = Release|Any CPU
		{17C3F60B-3456-4487-8219-3C7B17A907E9}.Release|Any CPU.Build.0 = Release|Any CPU
		{3D65BC72-556A-46E0-8C60-6C5AC6810C4F}.Debug|Any CPU.ActiveCfg = Debug|Any CPU
		{3D65BC72-556A-46E0-8C60-6C5AC6810C4F}.Debug|Any CPU.Build.0 = Debug|Any CPU
		{3D65BC72-556A-46E0-8C60-6C5AC6810C4F}.Release|Any CPU.ActiveCfg = Release|Any CPU
		{3D65BC72-556A-46E0-8C60-6C5AC6810C4F}.Release|Any CPU.Build.0 = Release|Any CPU
		{1AAFB9AC-8DE8-4D90-B711-458684734D61}.Debug|Any CPU.ActiveCfg = Debug|Any CPU
		{1AAFB9AC-8DE8-4D90-B711-458684734D61}.Debug|Any CPU.Build.0 = Debug|Any CPU
		{1AAFB9AC-8DE8-4D90-B711-458684734D61}.Release|Any CPU.ActiveCfg = Release|Any CPU
		{1AAFB9AC-8DE8-4D90-B711-458684734D61}.Release|Any CPU.Build.0 = Release|Any CPU
	EndGlobalSection
	GlobalSection(SolutionProperties) = preSolution
		HideSolutionNode = FALSE
	EndGlobalSection
EndGlobal
