
Microsoft Visual Studio Solution File, Format Version 12.00
# Visual Studio 14
VisualStudioVersion = 14.0.24720.0
MinimumVisualStudioVersion = 10.0.40219.1
Project("{FAE04EC0-301F-11D3-BF4B-00C04F79EFBC}") = "Task1", "Task1\Task1.csproj", "{5131B604-DAF7-49F8-BFB2-21A21E9F8976}"
EndProject
Project("{FAE04EC0-301F-11D3-BF4B-00C04F79EFBC}") = "Task2", "Task2\Task2.csproj", "{276E7020-A931-4147-97BC-43C746182CE1}"
EndProject
Project("{FAE04EC0-301F-11D3-BF4B-00C04F79EFBC}") = "Task3", "Task3\Task3.csproj", "{571D6797-9EC5-4FDB-9358-E372725733E6}"
EndProject
Project("{FAE04EC0-301F-11D3-BF4B-00C04F79EFBC}") = "Task4", "Task4\Task4.csproj", "{07F854FE-D5C8-4526-9D1F-3996E37CC9E0}"
EndProject
Project("{FAE04EC0-301F-11D3-BF4B-00C04F79EFBC}") = "Task5", "Task5\Task5.csproj", "{DCAACB74-63D2-4DA3-87FD-164CDD9D86E1}"
EndProject
Project("{FAE04EC0-301F-11D3-BF4B-00C04F79EFBC}") = "Task6", "Task6\Task6.csproj", "{07AE54BE-E7B5-4503-B742-74A5D6D92439}"
EndProject
Project("{FAE04EC0-301F-11D3-BF4B-00C04F79EFBC}") = "Task7", "Task7\Task7.csproj", "{DB140F18-F6D3-4C5A-BB37-59496F259568}"
EndProject
Global
	GlobalSection(SolutionConfigurationPlatforms) = preSolution
		Debug|Any CPU = Debug|Any CPU
		Release|Any CPU = Release|Any CPU
	EndGlobalSection
	GlobalSection(ProjectConfigurationPlatforms) = postSolution
		{5131B604-DAF7-49F8-BFB2-21A21E9F8976}.Debug|Any CPU.ActiveCfg = Debug|Any CPU
		{5131B604-DAF7-49F8-BFB2-21A21E9F8976}.Debug|Any CPU.Build.0 = Debug|Any CPU
		{5131B604-DAF7-49F8-BFB2-21A21E9F8976}.Release|Any CPU.ActiveCfg = Release|Any CPU
		{5131B604-DAF7-49F8-BFB2-21A21E9F8976}.Release|Any CPU.Build.0 = Release|Any CPU
		{276E7020-A931-4147-97BC-43C746182CE1}.Debug|Any CPU.ActiveCfg = Debug|Any CPU
		{276E7020-A931-4147-97BC-43C746182CE1}.Debug|Any CPU.Build.0 = Debug|Any CPU
		{276E7020-A931-4147-97BC-43C746182CE1}.Release|Any CPU.ActiveCfg = Release|Any CPU
		{276E7020-A931-4147-97BC-43C746182CE1}.Release|Any CPU.Build.0 = Release|Any CPU
		{571D6797-9EC5-4FDB-9358-E372725733E6}.Debug|Any CPU.ActiveCfg = Debug|Any CPU
		{571D6797-9EC5-4FDB-9358-E372725733E6}.Debug|Any CPU.Build.0 = Debug|Any CPU
		{571D6797-9EC5-4FDB-9358-E372725733E6}.Release|Any CPU.ActiveCfg = Release|Any CPU
		{571D6797-9EC5-4FDB-9358-E372725733E6}.Release|Any CPU.Build.0 = Release|Any CPU
		{07F854FE-D5C8-4526-9D1F-3996E37CC9E0}.Debug|Any CPU.ActiveCfg = Debug|Any CPU
		{07F854FE-D5C8-4526-9D1F-3996E37CC9E0}.Debug|Any CPU.Build.0 = Debug|Any CPU
		{07F854FE-D5C8-4526-9D1F-3996E37CC9E0}.Release|Any CPU.ActiveCfg = Release|Any CPU
		{07F854FE-D5C8-4526-9D1F-3996E37CC9E0}.Release|Any CPU.Build.0 = Release|Any CPU
		{DCAACB74-63D2-4DA3-87FD-164CDD9D86E1}.Debug|Any CPU.ActiveCfg = Debug|Any CPU
		{DCAACB74-63D2-4DA3-87FD-164CDD9D86E1}.Debug|Any CPU.Build.0 = Debug|Any CPU
		{DCAACB74-63D2-4DA3-87FD-164CDD9D86E1}.Release|Any CPU.ActiveCfg = Release|Any CPU
		{DCAACB74-63D2-4DA3-87FD-164CDD9D86E1}.Release|Any CPU.Build.0 = Release|Any CPU
		{07AE54BE-E7B5-4503-B742-74A5D6D92439}.Debug|Any CPU.ActiveCfg = Debug|Any CPU
		{07AE54BE-E7B5-4503-B742-74A5D6D92439}.Debug|Any CPU.Build.0 = Debug|Any CPU
		{07AE54BE-E7B5-4503-B742-74A5D6D92439}.Release|Any CPU.ActiveCfg = Release|Any CPU
		{07AE54BE-E7B5-4503-B742-74A5D6D92439}.Release|Any CPU.Build.0 = Release|Any CPU
		{DB140F18-F6D3-4C5A-BB37-59496F259568}.Debug|Any CPU.ActiveCfg = Debug|Any CPU
		{DB140F18-F6D3-4C5A-BB37-59496F259568}.Debug|Any CPU.Build.0 = Debug|Any CPU
		{DB140F18-F6D3-4C5A-BB37-59496F259568}.Release|Any CPU.ActiveCfg = Release|Any CPU
		{DB140F18-F6D3-4C5A-BB37-59496F259568}.Release|Any CPU.Build.0 = Release|Any CPU
	EndGlobalSection
	GlobalSection(SolutionProperties) = preSolution
		HideSolutionNode = FALSE
	EndGlobalSection
EndGlobal
